
Microsoft Visual Studio Solution File, Format Version 12.00
# Visual Studio Version 17
VisualStudioVersion = 17.0.31612.314
MinimumVisualStudioVersion = 10.0.40219.1
Project("{FAE04EC0-301F-11D3-BF4B-00C04F79EFBC}") = "DiscordGateway", "DiscordGateway\DiscordGateway.csproj", "{BEE37BE9-4FF6-4FC7-80A9-05CC40487D54}"
EndProject
Project("{FAE04EC0-301F-11D3-BF4B-00C04F79EFBC}") = "Sandbox", "Sandbox\Sandbox.csproj", "{94F04627-5F48-4194-98F6-8875946A29F1}"
EndProject
Global
	GlobalSection(SolutionConfigurationPlatforms) = preSolution
		Debug|Any CPU = Debug|Any CPU
		Release|Any CPU = Release|Any CPU
	EndGlobalSection
	GlobalSection(ProjectConfigurationPlatforms) = postSolution
		{BEE37BE9-4FF6-4FC7-80A9-05CC40487D54}.Debug|Any CPU.ActiveCfg = Debug|Any CPU
		{BEE37BE9-4FF6-4FC7-80A9-05CC40487D54}.Debug|Any CPU.Build.0 = Debug|Any CPU
		{BEE37BE9-4FF6-4FC7-80A9-05CC40487D54}.Release|Any CPU.ActiveCfg = Release|Any CPU
		{BEE37BE9-4FF6-4FC7-80A9-05CC40487D54}.Release|Any CPU.Build.0 = Release|Any CPU
		{94F04627-5F48-4194-98F6-8875946A29F1}.Debug|Any CPU.ActiveCfg = Debug|Any CPU
		{94F04627-5F48-4194-98F6-8875946A29F1}.Debug|Any CPU.Build.0 = Debug|Any CPU
		{94F04627-5F48-4194-98F6-8875946A29F1}.Release|Any CPU.ActiveCfg = Release|Any CPU
		{94F04627-5F48-4194-98F6-8875946A29F1}.Release|Any CPU.Build.0 = Release|Any CPU
	EndGlobalSection
	GlobalSection(SolutionProperties) = preSolution
		HideSolutionNode = FALSE
	EndGlobalSection
	GlobalSection(ExtensibilityGlobals) = postSolution
		SolutionGuid = {53DEC852-342B-4DC0-9D77-5ABFE0616046}
	EndGlobalSection
EndGlobal
